github.com/PlayerR9/MyGoLib v0.2.27 h1:4eyudWhXvXesyjxphkAHQk1fi57Lt/mtPDMn88VfcgI=
github.com/PlayerR9/MyGoLib v0.2.27/go.mod h1:dKEUyKwumo23D4RhcCZqShjJsi8W/1RPim6PwEpUnvI=
github.com/PlayerR9/MyGoLibUnits v0.1.0 h1:1JHApIg0j71SZZhbLUwVfToHEZVuRAcEmZ1chlueE0s=
github.com/PlayerR9/MyGoLibUnits v0.1.0/go.mod h1:WGGX7AJvvW4jhcHB/6oGgherh+HhcmxXqVWVSDPneWs=
github.com/PlayerR9/MyGoLists v0.1.0 h1:ChA1T0rCWLT8/xJUxSuvXyBAgOItLkfvuNHsYp2CsJI=
github.com/PlayerR9/MyGoLists v0.1.0/go.mod h1:OSLK1EUozml1IEOZjg2Yn88PI8QHm37RML3Op99CmvY=
